
Microsoft Visual Studio Solution File, Format Version 12.00
# Visual Studio Version 16
VisualStudioVersion = 16.0.29905.134
MinimumVisualStudioVersion = 10.0.40219.1
Project("{FAE04EC0-301F-11D3-BF4B-00C04F79EFBC}") = "FizzBuzzTree", "FizzBuzzTree\FizzBuzzTree.csproj", "{39B5D1C2-351D-4AFD-9125-7D0964901E97}"
EndProject
Project("{FAE04EC0-301F-11D3-BF4B-00C04F79EFBC}") = "FizzBuzzTreeTests", "FizzBuzzTreeTests\FizzBuzzTreeTests.csproj", "{C7E28BB4-995A-460E-B389-98114FEB3F0A}"
EndProject
Global
	GlobalSection(SolutionConfigurationPlatforms) = preSolution
		Debug|Any CPU = Debug|Any CPU
		Release|Any CPU = Release|Any CPU
	EndGlobalSection
	GlobalSection(ProjectConfigurationPlatforms) = postSolution
		{39B5D1C2-351D-4AFD-9125-7D0964901E97}.Debug|Any CPU.ActiveCfg = Debug|Any CPU
		{39B5D1C2-351D-4AFD-9125-7D0964901E97}.Debug|Any CPU.Build.0 = Debug|Any CPU
		{39B5D1C2-351D-4AFD-9125-7D0964901E97}.Release|Any CPU.ActiveCfg = Release|Any CPU
		{39B5D1C2-351D-4AFD-9125-7D0964901E97}.Release|Any CPU.Build.0 = Release|Any CPU
		{C7E28BB4-995A-460E-B389-98114FEB3F0A}.Debug|Any CPU.ActiveCfg = Debug|Any CPU
		{C7E28BB4-995A-460E-B389-98114FEB3F0A}.Debug|Any CPU.Build.0 = Debug|Any CPU
		{C7E28BB4-995A-460E-B389-98114FEB3F0A}.Release|Any CPU.ActiveCfg = Release|Any CPU
		{C7E28BB4-995A-460E-B389-98114FEB3F0A}.Release|Any CPU.Build.0 = Release|Any CPU
	EndGlobalSection
	GlobalSection(SolutionProperties) = preSolution
		HideSolutionNode = FALSE
	EndGlobalSection
	GlobalSection(ExtensibilityGlobals) = postSolution
		SolutionGuid = {1AEBAA49-4428-47C3-AEA5-5F0627D2674D}
	EndGlobalSection
EndGlobal
