
Microsoft Visual Studio Solution File, Format Version 12.00
# Visual Studio Version 16
VisualStudioVersion = 16.0.29905.134
MinimumVisualStudioVersion = 10.0.40219.1
Project("{FAE04EC0-301F-11D3-BF4B-00C04F79EFBC}") = "TreeIntersection", "TreeIntersection\TreeIntersection.csproj", "{CFD8C87A-4273-4627-B2B0-F1D37709F21B}"
EndProject
Project("{FAE04EC0-301F-11D3-BF4B-00C04F79EFBC}") = "TreeIntersectionTests", "TreeIntersectionTests\TreeIntersectionTests.csproj", "{6A516028-9BB5-4012-8DFC-E8D7DD4E57F6}"
EndProject
Global
	GlobalSection(SolutionConfigurationPlatforms) = preSolution
		Debug|Any CPU = Debug|Any CPU
		Release|Any CPU = Release|Any CPU
	EndGlobalSection
	GlobalSection(ProjectConfigurationPlatforms) = postSolution
		{CFD8C87A-4273-4627-B2B0-F1D37709F21B}.Debug|Any CPU.ActiveCfg = Debug|Any CPU
		{CFD8C87A-4273-4627-B2B0-F1D37709F21B}.Debug|Any CPU.Build.0 = Debug|Any CPU
		{CFD8C87A-4273-4627-B2B0-F1D37709F21B}.Release|Any CPU.ActiveCfg = Release|Any CPU
		{CFD8C87A-4273-4627-B2B0-F1D37709F21B}.Release|Any CPU.Build.0 = Release|Any CPU
		{6A516028-9BB5-4012-8DFC-E8D7DD4E57F6}.Debug|Any CPU.ActiveCfg = Debug|Any CPU
		{6A516028-9BB5-4012-8DFC-E8D7DD4E57F6}.Debug|Any CPU.Build.0 = Debug|Any CPU
		{6A516028-9BB5-4012-8DFC-E8D7DD4E57F6}.Release|Any CPU.ActiveCfg = Release|Any CPU
		{6A516028-9BB5-4012-8DFC-E8D7DD4E57F6}.Release|Any CPU.Build.0 = Release|Any CPU
	EndGlobalSection
	GlobalSection(SolutionProperties) = preSolution
		HideSolutionNode = FALSE
	EndGlobalSection
	GlobalSection(ExtensibilityGlobals) = postSolution
		SolutionGuid = {A79220BC-4B7B-4AA1-A6FC-0EB05A48AFEE}
	EndGlobalSection
EndGlobal
