
Microsoft Visual Studio Solution File, Format Version 12.00
# Visual Studio Version 16
VisualStudioVersion = 16.0.29905.134
MinimumVisualStudioVersion = 10.0.40219.1
Project("{FAE04EC0-301F-11D3-BF4B-00C04F79EFBC}") = "LinkedList", "LinkedList\LinkedList.csproj", "{345F9134-E8DF-444D-AA54-50F9683C3A23}"
EndProject
Project("{FAE04EC0-301F-11D3-BF4B-00C04F79EFBC}") = "LinkedListTests", "XUnitTestProject1\LinkedListTests.csproj", "{F5E2DE03-A211-437D-B2FB-13621BA3A14D}"
EndProject
Global
	GlobalSection(SolutionConfigurationPlatforms) = preSolution
		Debug|Any CPU = Debug|Any CPU
		Release|Any CPU = Release|Any CPU
	EndGlobalSection
	GlobalSection(ProjectConfigurationPlatforms) = postSolution
		{345F9134-E8DF-444D-AA54-50F9683C3A23}.Debug|Any CPU.ActiveCfg = Debug|Any CPU
		{345F9134-E8DF-444D-AA54-50F9683C3A23}.Debug|Any CPU.Build.0 = Debug|Any CPU
		{345F9134-E8DF-444D-AA54-50F9683C3A23}.Release|Any CPU.ActiveCfg = Release|Any CPU
		{345F9134-E8DF-444D-AA54-50F9683C3A23}.Release|Any CPU.Build.0 = Release|Any CPU
		{F5E2DE03-A211-437D-B2FB-13621BA3A14D}.Debug|Any CPU.ActiveCfg = Debug|Any CPU
		{F5E2DE03-A211-437D-B2FB-13621BA3A14D}.Debug|Any CPU.Build.0 = Debug|Any CPU
		{F5E2DE03-A211-437D-B2FB-13621BA3A14D}.Release|Any CPU.ActiveCfg = Release|Any CPU
		{F5E2DE03-A211-437D-B2FB-13621BA3A14D}.Release|Any CPU.Build.0 = Release|Any CPU
	EndGlobalSection
	GlobalSection(SolutionProperties) = preSolution
		HideSolutionNode = FALSE
	EndGlobalSection
	GlobalSection(ExtensibilityGlobals) = postSolution
		SolutionGuid = {6EF875BD-9C76-4761-973E-292095A7F4E9}
	EndGlobalSection
EndGlobal
