
Microsoft Visual Studio Solution File, Format Version 12.00
# Visual Studio Version 16
VisualStudioVersion = 16.0.29905.134
MinimumVisualStudioVersion = 10.0.40219.1
Project("{FAE04EC0-301F-11D3-BF4B-00C04F79EFBC}") = "QueueWithStacks", "QueueWithStacks\QueueWithStacks.csproj", "{1DED7A1D-F04D-4F49-B317-62CA7D0325D0}"
EndProject
Project("{FAE04EC0-301F-11D3-BF4B-00C04F79EFBC}") = "QueueWithStacksTests", "QueueWithStacksTests\QueueWithStacksTests.csproj", "{A34913A0-D3BE-47FD-97BB-4F1DB3240C99}"
EndProject
Global
	GlobalSection(SolutionConfigurationPlatforms) = preSolution
		Debug|Any CPU = Debug|Any CPU
		Release|Any CPU = Release|Any CPU
	EndGlobalSection
	GlobalSection(ProjectConfigurationPlatforms) = postSolution
		{1DED7A1D-F04D-4F49-B317-62CA7D0325D0}.Debug|Any CPU.ActiveCfg = Debug|Any CPU
		{1DED7A1D-F04D-4F49-B317-62CA7D0325D0}.Debug|Any CPU.Build.0 = Debug|Any CPU
		{1DED7A1D-F04D-4F49-B317-62CA7D0325D0}.Release|Any CPU.ActiveCfg = Release|Any CPU
		{1DED7A1D-F04D-4F49-B317-62CA7D0325D0}.Release|Any CPU.Build.0 = Release|Any CPU
		{A34913A0-D3BE-47FD-97BB-4F1DB3240C99}.Debug|Any CPU.ActiveCfg = Debug|Any CPU
		{A34913A0-D3BE-47FD-97BB-4F1DB3240C99}.Debug|Any CPU.Build.0 = Debug|Any CPU
		{A34913A0-D3BE-47FD-97BB-4F1DB3240C99}.Release|Any CPU.ActiveCfg = Release|Any CPU
		{A34913A0-D3BE-47FD-97BB-4F1DB3240C99}.Release|Any CPU.Build.0 = Release|Any CPU
	EndGlobalSection
	GlobalSection(SolutionProperties) = preSolution
		HideSolutionNode = FALSE
	EndGlobalSection
	GlobalSection(ExtensibilityGlobals) = postSolution
		SolutionGuid = {A8839882-B99F-4408-A9E5-E3CBBB7CC1DF}
	EndGlobalSection
EndGlobal
