
Microsoft Visual Studio Solution File, Format Version 12.00
# Visual Studio Version 16
VisualStudioVersion = 16.0.29905.134
MinimumVisualStudioVersion = 10.0.40219.1
Project("{FAE04EC0-301F-11D3-BF4B-00C04F79EFBC}") = "LeftJoin", "LeftJoin\LeftJoin.csproj", "{A15DC418-46A9-4A66-8125-5D416609DCBF}"
EndProject
Global
	GlobalSection(SolutionConfigurationPlatforms) = preSolution
		Debug|Any CPU = Debug|Any CPU
		Release|Any CPU = Release|Any CPU
	EndGlobalSection
	GlobalSection(ProjectConfigurationPlatforms) = postSolution
		{A15DC418-46A9-4A66-8125-5D416609DCBF}.Debug|Any CPU.ActiveCfg = Debug|Any CPU
		{A15DC418-46A9-4A66-8125-5D416609DCBF}.Debug|Any CPU.Build.0 = Debug|Any CPU
		{A15DC418-46A9-4A66-8125-5D416609DCBF}.Release|Any CPU.ActiveCfg = Release|Any CPU
		{A15DC418-46A9-4A66-8125-5D416609DCBF}.Release|Any CPU.Build.0 = Release|Any CPU
	EndGlobalSection
	GlobalSection(SolutionProperties) = preSolution
		HideSolutionNode = FALSE
	EndGlobalSection
	GlobalSection(ExtensibilityGlobals) = postSolution
		SolutionGuid = {8FEDB94A-03A4-430A-A048-236CD0E2EABB}
	EndGlobalSection
EndGlobal
