
Microsoft Visual Studio Solution File, Format Version 12.00
# Visual Studio Version 16
VisualStudioVersion = 16.0.29905.134
MinimumVisualStudioVersion = 10.0.40219.1
Project("{FAE04EC0-301F-11D3-BF4B-00C04F79EFBC}") = "InsertionSort", "InsertionSort\InsertionSort.csproj", "{307FB044-7337-48C7-8639-8D929A4B32C0}"
EndProject
Project("{FAE04EC0-301F-11D3-BF4B-00C04F79EFBC}") = "InsertionSortTests", "InsertionSortTests\InsertionSortTests.csproj", "{0CD55E6C-5494-4F9C-B7F7-7223BC47B2A4}"
EndProject
Global
	GlobalSection(SolutionConfigurationPlatforms) = preSolution
		Debug|Any CPU = Debug|Any CPU
		Release|Any CPU = Release|Any CPU
	EndGlobalSection
	GlobalSection(ProjectConfigurationPlatforms) = postSolution
		{307FB044-7337-48C7-8639-8D929A4B32C0}.Debug|Any CPU.ActiveCfg = Debug|Any CPU
		{307FB044-7337-48C7-8639-8D929A4B32C0}.Debug|Any CPU.Build.0 = Debug|Any CPU
		{307FB044-7337-48C7-8639-8D929A4B32C0}.Release|Any CPU.ActiveCfg = Release|Any CPU
		{307FB044-7337-48C7-8639-8D929A4B32C0}.Release|Any CPU.Build.0 = Release|Any CPU
		{0CD55E6C-5494-4F9C-B7F7-7223BC47B2A4}.Debug|Any CPU.ActiveCfg = Debug|Any CPU
		{0CD55E6C-5494-4F9C-B7F7-7223BC47B2A4}.Debug|Any CPU.Build.0 = Debug|Any CPU
		{0CD55E6C-5494-4F9C-B7F7-7223BC47B2A4}.Release|Any CPU.ActiveCfg = Release|Any CPU
		{0CD55E6C-5494-4F9C-B7F7-7223BC47B2A4}.Release|Any CPU.Build.0 = Release|Any CPU
	EndGlobalSection
	GlobalSection(SolutionProperties) = preSolution
		HideSolutionNode = FALSE
	EndGlobalSection
	GlobalSection(ExtensibilityGlobals) = postSolution
		SolutionGuid = {03175A5F-9EF0-4EA6-B1AB-D2768AC84017}
	EndGlobalSection
EndGlobal
